<?xml version="1.0" encoding="utf-8"?>
<Project ToolsVersion="4.0" xmlns="http://schemas.microsoft.com/developer/msbuild/2003">
  <ItemGroup>
    <Filter Include="Calavera">
      <UniqueIdentifier>{44E4C97E-30B1-248A-59CA-123245F65918}</UniqueIdentifier>
    </Filter>
    <Filter Include="Calavera\Events">
      <UniqueIdentifier>{A89B3311-1427-A1D5-1D38-24CA8942FDD5}</UniqueIdentifier>
    </Filter>
    <Filter Include="Calavera\ImGui">
      <UniqueIdentifier>{6E7C2575-5A4A-197B-43DE-89A12F4BF5DF}</UniqueIdentifier>
    </Filter>
    <Filter Include="Platform">
      <UniqueIdentifier>{2AC788B4-1694-E3BF-3FAD-D1672BD9184E}</UniqueIdentifier>
    </Filter>
    <Filter Include="Platform\OpenGL">
      <UniqueIdentifier>{1E7D2C1D-8A08-9AE1-9319-1DD6FF23F6E1}</UniqueIdentifier>
    </Filter>
    <Filter Include="Platform\Windows">
      <UniqueIdentifier>{64FBD71A-50F4-F66C-7926-DCF1657ED678}</UniqueIdentifier>
    </Filter>
  </ItemGroup>
  <ItemGroup>
    <ClInclude Include="src\Calavera.h" />
    <ClInclude Include="src\Calavera\Application.h">
      <Filter>Calavera</Filter>
    </ClInclude>
    <ClInclude Include="src\Calavera\Core.h">
      <Filter>Calavera</Filter>
    </ClInclude>
    <ClInclude Include="src\Calavera\EntryPoint.h">
      <Filter>Calavera</Filter>
    </ClInclude>
    <ClInclude Include="src\Calavera\Events\ApplicationEvent.h">
      <Filter>Calavera\Events</Filter>
    </ClInclude>
    <ClInclude Include="src\Calavera\Events\Event.h">
      <Filter>Calavera\Events</Filter>
    </ClInclude>
    <ClInclude Include="src\Calavera\Events\KeyEvent.h">
      <Filter>Calavera\Events</Filter>
    </ClInclude>
    <ClInclude Include="src\Calavera\Events\MouseEvent.h">
      <Filter>Calavera\Events</Filter>
    </ClInclude>
    <ClInclude Include="src\Calavera\ImGui\ImGuiLayer.h">
      <Filter>Calavera\ImGui</Filter>
    </ClInclude>
    <ClInclude Include="src\Calavera\Layer.h">
      <Filter>Calavera</Filter>
    </ClInclude>
    <ClInclude Include="src\Calavera\LayerStack.h">
      <Filter>Calavera</Filter>
    </ClInclude>
    <ClInclude Include="src\Calavera\Log.h">
      <Filter>Calavera</Filter>
    </ClInclude>
    <ClInclude Include="src\Calavera\Window.h">
      <Filter>Calavera</Filter>
    </ClInclude>
    <ClInclude Include="src\Platform\OpenGL\ImGuiOpenGLRenderer.h">
      <Filter>Platform\OpenGL</Filter>
    </ClInclude>
    <ClInclude Include="src\Platform\Windows\WindowsWindow.h">
      <Filter>Platform\Windows</Filter>
    </ClInclude>
    <ClInclude Include="src\cvpch.h" />
    <ClInclude Include="src\Calavera\Input.h" />
    <ClInclude Include="src\Platform\Windows\WindowsInput.h" />
  </ItemGroup>
  <ItemGroup>
    <ClCompile Include="src\Calavera\Application.cpp">
      <Filter>Calavera</Filter>
    </ClCompile>
    <ClCompile Include="src\Calavera\ImGui\ImGuiLayer.cpp">
      <Filter>Calavera\ImGui</Filter>
    </ClCompile>
    <ClCompile Include="src\Calavera\Layer.cpp">
      <Filter>Calavera</Filter>
    </ClCompile>
    <ClCompile Include="src\Calavera\LayerStack.cpp">
      <Filter>Calavera</Filter>
    </ClCompile>
    <ClCompile Include="src\Calavera\Log.cpp">
      <Filter>Calavera</Filter>
    </ClCompile>
    <ClCompile Include="src\Platform\OpenGL\ImGuiOpenGLRenderer.cpp">
      <Filter>Platform\OpenGL</Filter>
    </ClCompile>
    <ClCompile Include="src\Platform\Windows\WindowsWindow.cpp">
      <Filter>Platform\Windows</Filter>
    </ClCompile>
    <ClCompile Include="src\cvpch.cpp" />
    <ClCompile Include="src\Platform\Windows\WindowsInput.cpp" />
  </ItemGroup>
</Project>