<?xml version="1.0" encoding="utf-8"?>
<Project ToolsVersion="4.0" xmlns="http://schemas.microsoft.com/developer/msbuild/2003">
  <ItemGroup>
    <Filter Include="Calavera">
      <UniqueIdentifier>{44E4C97E-30B1-248A-59CA-123245F65918}</UniqueIdentifier>
    </Filter>
  </ItemGroup>
  <ItemGroup>
    <ClInclude Include="src\Calavera.h" />
    <ClInclude Include="src\Calavera\Application.h">
      <Filter>Calavera</Filter>
    </ClInclude>
    <ClInclude Include="src\Calavera\Core.h">
      <Filter>Calavera</Filter>
    </ClInclude>
    <ClInclude Include="src\Calavera\EntryPoint.h">
      <Filter>Calavera</Filter>
    </ClInclude>
    <ClInclude Include="src\Calavera\Log.h">
      <Filter>Calavera</Filter>
    </ClInclude>
  </ItemGroup>
  <ItemGroup>
    <ClCompile Include="src\Calavera\Application.cpp">
      <Filter>Calavera</Filter>
    </ClCompile>
    <ClCompile Include="src\Calavera\Log.cpp">
      <Filter>Calavera</Filter>
    </ClCompile>
  </ItemGroup>
</Project>